
Microsoft Visual Studio Solution File, Format Version 12.00
# Visual Studio Version 16
VisualStudioVersion = 16.0.30011.22
MinimumVisualStudioVersion = 10.0.40219.1
Project("{9A19103F-16F7-4668-BE54-9A1E7A4F7556}") = "Exercise", "src\Exercise\Exercise.csproj", "{DCE764F4-7EF0-42C7-A018-21FDE9991289}"
EndProject
Project("{FAE04EC0-301F-11D3-BF4B-00C04F79EFBC}") = "Exercise.Tests", "tests\Exercise.Tests\Exercise.Tests.csproj", "{79B37604-75BE-4840-B138-C895461912E7}"
EndProject
Global
	GlobalSection(SolutionConfigurationPlatforms) = preSolution
		Debug|Any CPU = Debug|Any CPU
		Release|Any CPU = Release|Any CPU
	EndGlobalSection
	GlobalSection(ProjectConfigurationPlatforms) = postSolution
		{DCE764F4-7EF0-42C7-A018-21FDE9991289}.Debug|Any CPU.ActiveCfg = Debug|Any CPU
		{DCE764F4-7EF0-42C7-A018-21FDE9991289}.Debug|Any CPU.Build.0 = Debug|Any CPU
		{DCE764F4-7EF0-42C7-A018-21FDE9991289}.Release|Any CPU.ActiveCfg = Release|Any CPU
		{DCE764F4-7EF0-42C7-A018-21FDE9991289}.Release|Any CPU.Build.0 = Release|Any CPU
		{79B37604-75BE-4840-B138-C895461912E7}.Debug|Any CPU.ActiveCfg = Debug|Any CPU
		{79B37604-75BE-4840-B138-C895461912E7}.Debug|Any CPU.Build.0 = Debug|Any CPU
		{79B37604-75BE-4840-B138-C895461912E7}.Release|Any CPU.ActiveCfg = Release|Any CPU
		{79B37604-75BE-4840-B138-C895461912E7}.Release|Any CPU.Build.0 = Release|Any CPU
	EndGlobalSection
	GlobalSection(SolutionProperties) = preSolution
		HideSolutionNode = FALSE
	EndGlobalSection
	GlobalSection(ExtensibilityGlobals) = postSolution
		SolutionGuid = {DF52DCEC-1F3B-4EE6-8532-185D9724F6F2}
	EndGlobalSection
EndGlobal
